
Microsoft Visual Studio Solution File, Format Version 12.00
# Visual Studio Version 17
VisualStudioVersion = 17.0.31903.59
MinimumVisualStudioVersion = 10.0.40219.1
Project("{2150E333-8FDC-42A3-9474-1A3956D46DE8}") = "src", "src", "{827E0CD3-B72D-47B6-A68D-7590B98EB39B}"
EndProject
Project("{FAE04EC0-301F-11D3-BF4B-00C04F79EFBC}") = "Platform.Domain", "src\Platform.Domain\Platform.Domain.csproj", "{7B4C6663-4DC4-49C3-B570-E20DD039DF9E}"
EndProject
Project("{FAE04EC0-301F-11D3-BF4B-00C04F79EFBC}") = "Platform.Contracts", "src\Platform.Contracts\Platform.Contracts.csproj", "{0BCA9FD3-BE65-4BE3-80B5-F767B74DAAB6}"
EndProject
Project("{FAE04EC0-301F-11D3-BF4B-00C04F79EFBC}") = "Platform.Application", "src\Platform.Application\Platform.Application.csproj", "{9E76EA9B-6573-407B-B9F4-E907FA556344}"
EndProject
Project("{FAE04EC0-301F-11D3-BF4B-00C04F79EFBC}") = "Platform.Infrastructure", "src\Platform.Infrastructure\Platform.Infrastructure.csproj", "{C7B51011-49A1-4D8F-949B-5AAD374CF355}"
EndProject
Project("{FAE04EC0-301F-11D3-BF4B-00C04F79EFBC}") = "Platform.Realtime", "src\Platform.Realtime\Platform.Realtime.csproj", "{60B98554-3789-4DD4-B474-DD209B44EB6E}"
EndProject
Project("{FAE04EC0-301F-11D3-BF4B-00C04F79EFBC}") = "Platform.Api", "src\Platform.Api\Platform.Api.csproj", "{B8618AB9-6366-447F-B519-F18049B44D0D}"
EndProject
Project("{FAE04EC0-301F-11D3-BF4B-00C04F79EFBC}") = "Platform.Tests", "src\Platform.Tests\Platform.Tests.csproj", "{1D05FBDD-5DE7-4B93-8C8A-D227627789E7}"
EndProject
Project("{2150E333-8FDC-42A3-9474-1A3956D46DE8}") = "tools", "tools", "{07C2787E-EAC7-C090-1BA3-A61EC2A24D84}"
EndProject
Project("{FAE04EC0-301F-11D3-BF4B-00C04F79EFBC}") = "Platform.LoadTest", "tools\Platform.LoadTest\Platform.LoadTest.csproj", "{08D7A747-26A1-40A8-AF3B-0A31CC91E733}"
EndProject
Project("{FAE04EC0-301F-11D3-BF4B-00C04F79EFBC}") = "Platform.Dashboard", "src\Platform.Dashboard\Platform.Dashboard.csproj", "{C630CC36-B580-405B-9F77-0235E1FAE0FB}"
EndProject
Project("{FAE04EC0-301F-11D3-BF4B-00C04F79EFBC}") = "Platform.Benchmarks", "tools\Platform.Benchmarks\Platform.Benchmarks.csproj", "{DCB9BFAE-1D61-4E3D-B759-C36CF52BCAD8}"
EndProject
Global
	GlobalSection(SolutionConfigurationPlatforms) = preSolution
		Debug|Any CPU = Debug|Any CPU
		Debug|x64 = Debug|x64
		Debug|x86 = Debug|x86
		Release|Any CPU = Release|Any CPU
		Release|x64 = Release|x64
		Release|x86 = Release|x86
	EndGlobalSection
	GlobalSection(ProjectConfigurationPlatforms) = postSolution
		{7B4C6663-4DC4-49C3-B570-E20DD039DF9E}.Debug|Any CPU.ActiveCfg = Debug|Any CPU
		{7B4C6663-4DC4-49C3-B570-E20DD039DF9E}.Debug|Any CPU.Build.0 = Debug|Any CPU
		{7B4C6663-4DC4-49C3-B570-E20DD039DF9E}.Debug|x64.ActiveCfg = Debug|Any CPU
		{7B4C6663-4DC4-49C3-B570-E20DD039DF9E}.Debug|x64.Build.0 = Debug|Any CPU
		{7B4C6663-4DC4-49C3-B570-E20DD039DF9E}.Debug|x86.ActiveCfg = Debug|Any CPU
		{7B4C6663-4DC4-49C3-B570-E20DD039DF9E}.Debug|x86.Build.0 = Debug|Any CPU
		{7B4C6663-4DC4-49C3-B570-E20DD039DF9E}.Release|Any CPU.ActiveCfg = Release|Any CPU
		{7B4C6663-4DC4-49C3-B570-E20DD039DF9E}.Release|Any CPU.Build.0 = Release|Any CPU
		{7B4C6663-4DC4-49C3-B570-E20DD039DF9E}.Release|x64.ActiveCfg = Release|Any CPU
		{7B4C6663-4DC4-49C3-B570-E20DD039DF9E}.Release|x64.Build.0 = Release|Any CPU
		{7B4C6663-4DC4-49C3-B570-E20DD039DF9E}.Release|x86.ActiveCfg = Release|Any CPU
		{7B4C6663-4DC4-49C3-B570-E20DD039DF9E}.Release|x86.Build.0 = Release|Any CPU
		{0BCA9FD3-BE65-4BE3-80B5-F767B74DAAB6}.Debug|Any CPU.ActiveCfg = Debug|Any CPU
		{0BCA9FD3-BE65-4BE3-80B5-F767B74DAAB6}.Debug|Any CPU.Build.0 = Debug|Any CPU
		{0BCA9FD3-BE65-4BE3-80B5-F767B74DAAB6}.Debug|x64.ActiveCfg = Debug|Any CPU
		{0BCA9FD3-BE65-4BE3-80B5-F767B74DAAB6}.Debug|x64.Build.0 = Debug|Any CPU
		{0BCA9FD3-BE65-4BE3-80B5-F767B74DAAB6}.Debug|x86.ActiveCfg = Debug|Any CPU
		{0BCA9FD3-BE65-4BE3-80B5-F767B74DAAB6}.Debug|x86.Build.0 = Debug|Any CPU
		{0BCA9FD3-BE65-4BE3-80B5-F767B74DAAB6}.Release|Any CPU.ActiveCfg = Release|Any CPU
		{0BCA9FD3-BE65-4BE3-80B5-F767B74DAAB6}.Release|Any CPU.Build.0 = Release|Any CPU
		{0BCA9FD3-BE65-4BE3-80B5-F767B74DAAB6}.Release|x64.ActiveCfg = Release|Any CPU
		{0BCA9FD3-BE65-4BE3-80B5-F767B74DAAB6}.Release|x64.Build.0 = Release|Any CPU
		{0BCA9FD3-BE65-4BE3-80B5-F767B74DAAB6}.Release|x86.ActiveCfg = Release|Any CPU
		{0BCA9FD3-BE65-4BE3-80B5-F767B74DAAB6}.Release|x86.Build.0 = Release|Any CPU
		{9E76EA9B-6573-407B-B9F4-E907FA556344}.Debug|Any CPU.ActiveCfg = Debug|Any CPU
		{9E76EA9B-6573-407B-B9F4-E907FA556344}.Debug|Any CPU.Build.0 = Debug|Any CPU
		{9E76EA9B-6573-407B-B9F4-E907FA556344}.Debug|x64.ActiveCfg = Debug|Any CPU
		{9E76EA9B-6573-407B-B9F4-E907FA556344}.Debug|x64.Build.0 = Debug|Any CPU
		{9E76EA9B-6573-407B-B9F4-E907FA556344}.Debug|x86.ActiveCfg = Debug|Any CPU
		{9E76EA9B-6573-407B-B9F4-E907FA556344}.Debug|x86.Build.0 = Debug|Any CPU
		{9E76EA9B-6573-407B-B9F4-E907FA556344}.Release|Any CPU.ActiveCfg = Release|Any CPU
		{9E76EA9B-6573-407B-B9F4-E907FA556344}.Release|Any CPU.Build.0 = Release|Any CPU
		{9E76EA9B-6573-407B-B9F4-E907FA556344}.Release|x64.ActiveCfg = Release|Any CPU
		{9E76EA9B-6573-407B-B9F4-E907FA556344}.Release|x64.Build.0 = Release|Any CPU
		{9E76EA9B-6573-407B-B9F4-E907FA556344}.Release|x86.ActiveCfg = Release|Any CPU
		{9E76EA9B-6573-407B-B9F4-E907FA556344}.Release|x86.Build.0 = Release|Any CPU
		{C7B51011-49A1-4D8F-949B-5AAD374CF355}.Debug|Any CPU.ActiveCfg = Debug|Any CPU
		{C7B51011-49A1-4D8F-949B-5AAD374CF355}.Debug|Any CPU.Build.0 = Debug|Any CPU
		{C7B51011-49A1-4D8F-949B-5AAD374CF355}.Debug|x64.ActiveCfg = Debug|Any CPU
		{C7B51011-49A1-4D8F-949B-5AAD374CF355}.Debug|x64.Build.0 = Debug|Any CPU
		{C7B51011-49A1-4D8F-949B-5AAD374CF355}.Debug|x86.ActiveCfg = Debug|Any CPU
		{C7B51011-49A1-4D8F-949B-5AAD374CF355}.Debug|x86.Build.0 = Debug|Any CPU
		{C7B51011-49A1-4D8F-949B-5AAD374CF355}.Release|Any CPU.ActiveCfg = Release|Any CPU
		{C7B51011-49A1-4D8F-949B-5AAD374CF355}.Release|Any CPU.Build.0 = Release|Any CPU
		{C7B51011-49A1-4D8F-949B-5AAD374CF355}.Release|x64.ActiveCfg = Release|Any CPU
		{C7B51011-49A1-4D8F-949B-5AAD374CF355}.Release|x64.Build.0 = Release|Any CPU
		{C7B51011-49A1-4D8F-949B-5AAD374CF355}.Release|x86.ActiveCfg = Release|Any CPU
		{C7B51011-49A1-4D8F-949B-5AAD374CF355}.Release|x86.Build.0 = Release|Any CPU
		{60B98554-3789-4DD4-B474-DD209B44EB6E}.Debug|Any CPU.ActiveCfg = Debug|Any CPU
		{60B98554-3789-4DD4-B474-DD209B44EB6E}.Debug|Any CPU.Build.0 = Debug|Any CPU
		{60B98554-3789-4DD4-B474-DD209B44EB6E}.Debug|x64.ActiveCfg = Debug|Any CPU
		{60B98554-3789-4DD4-B474-DD209B44EB6E}.Debug|x64.Build.0 = Debug|Any CPU
		{60B98554-3789-4DD4-B474-DD209B44EB6E}.Debug|x86.ActiveCfg = Debug|Any CPU
		{60B98554-3789-4DD4-B474-DD209B44EB6E}.Debug|x86.Build.0 = Debug|Any CPU
		{60B98554-3789-4DD4-B474-DD209B44EB6E}.Release|Any CPU.ActiveCfg = Release|Any CPU
		{60B98554-3789-4DD4-B474-DD209B44EB6E}.Release|Any CPU.Build.0 = Release|Any CPU
		{60B98554-3789-4DD4-B474-DD209B44EB6E}.Release|x64.ActiveCfg = Release|Any CPU
		{60B98554-3789-4DD4-B474-DD209B44EB6E}.Release|x64.Build.0 = Release|Any CPU
		{60B98554-3789-4DD4-B474-DD209B44EB6E}.Release|x86.ActiveCfg = Release|Any CPU
		{60B98554-3789-4DD4-B474-DD209B44EB6E}.Release|x86.Build.0 = Release|Any CPU
		{B8618AB9-6366-447F-B519-F18049B44D0D}.Debug|Any CPU.ActiveCfg = Debug|Any CPU
		{B8618AB9-6366-447F-B519-F18049B44D0D}.Debug|Any CPU.Build.0 = Debug|Any CPU
		{B8618AB9-6366-447F-B519-F18049B44D0D}.Debug|x64.ActiveCfg = Debug|Any CPU
		{B8618AB9-6366-447F-B519-F18049B44D0D}.Debug|x64.Build.0 = Debug|Any CPU
		{B8618AB9-6366-447F-B519-F18049B44D0D}.Debug|x86.ActiveCfg = Debug|Any CPU
		{B8618AB9-6366-447F-B519-F18049B44D0D}.Debug|x86.Build.0 = Debug|Any CPU
		{B8618AB9-6366-447F-B519-F18049B44D0D}.Release|Any CPU.ActiveCfg = Release|Any CPU
		{B8618AB9-6366-447F-B519-F18049B44D0D}.Release|Any CPU.Build.0 = Release|Any CPU
		{B8618AB9-6366-447F-B519-F18049B44D0D}.Release|x64.ActiveCfg = Release|Any CPU
		{B8618AB9-6366-447F-B519-F18049B44D0D}.Release|x64.Build.0 = Release|Any CPU
		{B8618AB9-6366-447F-B519-F18049B44D0D}.Release|x86.ActiveCfg = Release|Any CPU
		{B8618AB9-6366-447F-B519-F18049B44D0D}.Release|x86.Build.0 = Release|Any CPU
		{1D05FBDD-5DE7-4B93-8C8A-D227627789E7}.Debug|Any CPU.ActiveCfg = Debug|Any CPU
		{1D05FBDD-5DE7-4B93-8C8A-D227627789E7}.Debug|Any CPU.Build.0 = Debug|Any CPU
		{1D05FBDD-5DE7-4B93-8C8A-D227627789E7}.Debug|x64.ActiveCfg = Debug|Any CPU
		{1D05FBDD-5DE7-4B93-8C8A-D227627789E7}.Debug|x64.Build.0 = Debug|Any CPU
		{1D05FBDD-5DE7-4B93-8C8A-D227627789E7}.Debug|x86.ActiveCfg = Debug|Any CPU
		{1D05FBDD-5DE7-4B93-8C8A-D227627789E7}.Debug|x86.Build.0 = Debug|Any CPU
		{1D05FBDD-5DE7-4B93-8C8A-D227627789E7}.Release|Any CPU.ActiveCfg = Release|Any CPU
		{1D05FBDD-5DE7-4B93-8C8A-D227627789E7}.Release|Any CPU.Build.0 = Release|Any CPU
		{1D05FBDD-5DE7-4B93-8C8A-D227627789E7}.Release|x64.ActiveCfg = Release|Any CPU
		{1D05FBDD-5DE7-4B93-8C8A-D227627789E7}.Release|x64.Build.0 = Release|Any CPU
		{1D05FBDD-5DE7-4B93-8C8A-D227627789E7}.Release|x86.ActiveCfg = Release|Any CPU
		{1D05FBDD-5DE7-4B93-8C8A-D227627789E7}.Release|x86.Build.0 = Release|Any CPU
		{08D7A747-26A1-40A8-AF3B-0A31CC91E733}.Debug|Any CPU.ActiveCfg = Debug|Any CPU
		{08D7A747-26A1-40A8-AF3B-0A31CC91E733}.Debug|Any CPU.Build.0 = Debug|Any CPU
		{08D7A747-26A1-40A8-AF3B-0A31CC91E733}.Debug|x64.ActiveCfg = Debug|Any CPU
		{08D7A747-26A1-40A8-AF3B-0A31CC91E733}.Debug|x64.Build.0 = Debug|Any CPU
		{08D7A747-26A1-40A8-AF3B-0A31CC91E733}.Debug|x86.ActiveCfg = Debug|Any CPU
		{08D7A747-26A1-40A8-AF3B-0A31CC91E733}.Debug|x86.Build.0 = Debug|Any CPU
		{08D7A747-26A1-40A8-AF3B-0A31CC91E733}.Release|Any CPU.ActiveCfg = Release|Any CPU
		{08D7A747-26A1-40A8-AF3B-0A31CC91E733}.Release|Any CPU.Build.0 = Release|Any CPU
		{08D7A747-26A1-40A8-AF3B-0A31CC91E733}.Release|x64.ActiveCfg = Release|Any CPU
		{08D7A747-26A1-40A8-AF3B-0A31CC91E733}.Release|x64.Build.0 = Release|Any CPU
		{08D7A747-26A1-40A8-AF3B-0A31CC91E733}.Release|x86.ActiveCfg = Release|Any CPU
		{08D7A747-26A1-40A8-AF3B-0A31CC91E733}.Release|x86.Build.0 = Release|Any CPU
		{C630CC36-B580-405B-9F77-0235E1FAE0FB}.Debug|Any CPU.ActiveCfg = Debug|Any CPU
		{C630CC36-B580-405B-9F77-0235E1FAE0FB}.Debug|Any CPU.Build.0 = Debug|Any CPU
		{C630CC36-B580-405B-9F77-0235E1FAE0FB}.Debug|x64.ActiveCfg = Debug|Any CPU
		{C630CC36-B580-405B-9F77-0235E1FAE0FB}.Debug|x64.Build.0 = Debug|Any CPU
		{C630CC36-B580-405B-9F77-0235E1FAE0FB}.Debug|x86.ActiveCfg = Debug|Any CPU
		{C630CC36-B580-405B-9F77-0235E1FAE0FB}.Debug|x86.Build.0 = Debug|Any CPU
		{C630CC36-B580-405B-9F77-0235E1FAE0FB}.Release|Any CPU.ActiveCfg = Release|Any CPU
		{C630CC36-B580-405B-9F77-0235E1FAE0FB}.Release|Any CPU.Build.0 = Release|Any CPU
		{C630CC36-B580-405B-9F77-0235E1FAE0FB}.Release|x64.ActiveCfg = Release|Any CPU
		{C630CC36-B580-405B-9F77-0235E1FAE0FB}.Release|x64.Build.0 = Release|Any CPU
		{C630CC36-B580-405B-9F77-0235E1FAE0FB}.Release|x86.ActiveCfg = Release|Any CPU
		{C630CC36-B580-405B-9F77-0235E1FAE0FB}.Release|x86.Build.0 = Release|Any CPU
		{DCB9BFAE-1D61-4E3D-B759-C36CF52BCAD8}.Debug|Any CPU.ActiveCfg = Debug|Any CPU
		{DCB9BFAE-1D61-4E3D-B759-C36CF52BCAD8}.Debug|Any CPU.Build.0 = Debug|Any CPU
		{DCB9BFAE-1D61-4E3D-B759-C36CF52BCAD8}.Debug|x64.ActiveCfg = Debug|Any CPU
		{DCB9BFAE-1D61-4E3D-B759-C36CF52BCAD8}.Debug|x64.Build.0 = Debug|Any CPU
		{DCB9BFAE-1D61-4E3D-B759-C36CF52BCAD8}.Debug|x86.ActiveCfg = Debug|Any CPU
		{DCB9BFAE-1D61-4E3D-B759-C36CF52BCAD8}.Debug|x86.Build.0 = Debug|Any CPU
		{DCB9BFAE-1D61-4E3D-B759-C36CF52BCAD8}.Release|Any CPU.ActiveCfg = Release|Any CPU
		{DCB9BFAE-1D61-4E3D-B759-C36CF52BCAD8}.Release|Any CPU.Build.0 = Release|Any CPU
		{DCB9BFAE-1D61-4E3D-B759-C36CF52BCAD8}.Release|x64.ActiveCfg = Release|Any CPU
		{DCB9BFAE-1D61-4E3D-B759-C36CF52BCAD8}.Release|x64.Build.0 = Release|Any CPU
		{DCB9BFAE-1D61-4E3D-B759-C36CF52BCAD8}.Release|x86.ActiveCfg = Release|Any CPU
		{DCB9BFAE-1D61-4E3D-B759-C36CF52BCAD8}.Release|x86.Build.0 = Release|Any CPU
	EndGlobalSection
	GlobalSection(SolutionProperties) = preSolution
		HideSolutionNode = FALSE
	EndGlobalSection
	GlobalSection(NestedProjects) = preSolution
		{7B4C6663-4DC4-49C3-B570-E20DD039DF9E} = {827E0CD3-B72D-47B6-A68D-7590B98EB39B}
		{0BCA9FD3-BE65-4BE3-80B5-F767B74DAAB6} = {827E0CD3-B72D-47B6-A68D-7590B98EB39B}
		{9E76EA9B-6573-407B-B9F4-E907FA556344} = {827E0CD3-B72D-47B6-A68D-7590B98EB39B}
		{C7B51011-49A1-4D8F-949B-5AAD374CF355} = {827E0CD3-B72D-47B6-A68D-7590B98EB39B}
		{60B98554-3789-4DD4-B474-DD209B44EB6E} = {827E0CD3-B72D-47B6-A68D-7590B98EB39B}
		{B8618AB9-6366-447F-B519-F18049B44D0D} = {827E0CD3-B72D-47B6-A68D-7590B98EB39B}
		{1D05FBDD-5DE7-4B93-8C8A-D227627789E7} = {827E0CD3-B72D-47B6-A68D-7590B98EB39B}
		{08D7A747-26A1-40A8-AF3B-0A31CC91E733} = {07C2787E-EAC7-C090-1BA3-A61EC2A24D84}
		{C630CC36-B580-405B-9F77-0235E1FAE0FB} = {827E0CD3-B72D-47B6-A68D-7590B98EB39B}
		{DCB9BFAE-1D61-4E3D-B759-C36CF52BCAD8} = {07C2787E-EAC7-C090-1BA3-A61EC2A24D84}
	EndGlobalSection
EndGlobal
